
Microsoft Visual Studio Solution File, Format Version 12.00
# Visual Studio Version 16
VisualStudioVersion = 16.0.31424.327
MinimumVisualStudioVersion = 10.0.40219.1
Project("{FAE04EC0-301F-11D3-BF4B-00C04F79EFBC}") = "2.1AdivinaNumero", "2.1AdivinaNumero\2.1AdivinaNumero.csproj", "{60CFD202-C391-4DBC-9081-3415B5B0EE7E}"
EndProject
Global
	GlobalSection(SolutionConfigurationPlatforms) = preSolution
		Debug|Any CPU = Debug|Any CPU
		Release|Any CPU = Release|Any CPU
	EndGlobalSection
	GlobalSection(ProjectConfigurationPlatforms) = postSolution
		{60CFD202-C391-4DBC-9081-3415B5B0EE7E}.Debug|Any CPU.ActiveCfg = Debug|Any CPU
		{60CFD202-C391-4DBC-9081-3415B5B0EE7E}.Debug|Any CPU.Build.0 = Debug|Any CPU
		{60CFD202-C391-4DBC-9081-3415B5B0EE7E}.Release|Any CPU.ActiveCfg = Release|Any CPU
		{60CFD202-C391-4DBC-9081-3415B5B0EE7E}.Release|Any CPU.Build.0 = Release|Any CPU
	EndGlobalSection
	GlobalSection(SolutionProperties) = preSolution
		HideSolutionNode = FALSE
	EndGlobalSection
	GlobalSection(ExtensibilityGlobals) = postSolution
		SolutionGuid = {09BDCC47-3365-4130-BBD1-2F56EF4CC814}
	EndGlobalSection
EndGlobal
